// !$*UTF8*$!
{
	archiveVersion = 1;
	classes = {
	};
	objectVersion = 46;
	objects = {

/* Begin PBXBuildFile section */
		3A0139CC19CAA9720022499F /* YelpClient.m in Sources */ = {isa = PBXBuildFile; fileRef = 3A0139CB19CAA9720022499F /* YelpClient.m */; };
		3A26E04219CEA0DD00322722 /* FilterViewController.swift in Sources */ = {isa = PBXBuildFile; fileRef = 3A26E04019CEA0DD00322722 /* FilterViewController.swift */; };
		3A26E04319CEA0DD00322722 /* FilterViewController.xib in Resources */ = {isa = PBXBuildFile; fileRef = 3A26E04119CEA0DD00322722 /* FilterViewController.xib */; };
		3A26E04519CEA9B000322722 /* FilterSettings.swift in Sources */ = {isa = PBXBuildFile; fileRef = 3A26E04419CEA9B000322722 /* FilterSettings.swift */; };
		3A26E04819CEAEB600322722 /* SwitchTableViewCell.swift in Sources */ = {isa = PBXBuildFile; fileRef = 3A26E04619CEAEB600322722 /* SwitchTableViewCell.swift */; };
		3A26E04919CEAEB600322722 /* SwitchTableViewCell.xib in Resources */ = {isa = PBXBuildFile; fileRef = 3A26E04719CEAEB600322722 /* SwitchTableViewCell.xib */; };
		3A26E06419CF87A200322722 /* CheckboxTableViewCell.xib in Resources */ = {isa = PBXBuildFile; fileRef = 3A26E06219CF87A200322722 /* CheckboxTableViewCell.xib */; };
		3A26E06519CF87A200322722 /* CheckboxTableViewCell.swift in Sources */ = {isa = PBXBuildFile; fileRef = 3A26E06319CF87A200322722 /* CheckboxTableViewCell.swift */; };
		3A84358B19CAA80A00C62881 /* AppDelegate.swift in Sources */ = {isa = PBXBuildFile; fileRef = 3A84358A19CAA80A00C62881 /* AppDelegate.swift */; };
		3A84359019CAA80A00C62881 /* Main.storyboard in Resources */ = {isa = PBXBuildFile; fileRef = 3A84358E19CAA80A00C62881 /* Main.storyboard */; };
		3A84359219CAA80A00C62881 /* Images.xcassets in Resources */ = {isa = PBXBuildFile; fileRef = 3A84359119CAA80A00C62881 /* Images.xcassets */; };
		3A84359519CAA80A00C62881 /* LaunchScreen.xib in Resources */ = {isa = PBXBuildFile; fileRef = 3A84359319CAA80A00C62881 /* LaunchScreen.xib */; };
		3A8435A119CAA80A00C62881 /* YelpTests.swift in Sources */ = {isa = PBXBuildFile; fileRef = 3A8435A019CAA80A00C62881 /* YelpTests.swift */; };
		3AE56ADB19CFD1E2000CF0CB /* BusinessesTableViewController.swift in Sources */ = {isa = PBXBuildFile; fileRef = 3AE56AD619CFD1E2000CF0CB /* BusinessesTableViewController.swift */; };
		3AE56ADE19CFD1E2000CF0CB /* BusinessLocation.swift in Sources */ = {isa = PBXBuildFile; fileRef = 3AE56AD919CFD1E2000CF0CB /* BusinessLocation.swift */; };
		3AE56ADF19CFD1E2000CF0CB /* Business.swift in Sources */ = {isa = PBXBuildFile; fileRef = 3AE56ADA19CFD1E2000CF0CB /* Business.swift */; };
		3AE56AE219CFD239000CF0CB /* BusinessTableViewCell.xib in Resources */ = {isa = PBXBuildFile; fileRef = 3AE56AE019CFD239000CF0CB /* BusinessTableViewCell.xib */; };
		3AE56AE319CFD239000CF0CB /* BusinessTableViewCell.swift in Sources */ = {isa = PBXBuildFile; fileRef = 3AE56AE119CFD239000CF0CB /* BusinessTableViewCell.swift */; };
		3AE56AE919D01220000CF0CB /* YelpButton.swift in Sources */ = {isa = PBXBuildFile; fileRef = 3AE56AE819D01220000CF0CB /* YelpButton.swift */; };
		3AE56AEE19D11A5F000CF0CB /* ProgressTableViewCell.swift in Sources */ = {isa = PBXBuildFile; fileRef = 3AE56AEC19D11A5F000CF0CB /* ProgressTableViewCell.swift */; };
		3AE56AEF19D11A5F000CF0CB /* ProgressTableViewCell.xib in Resources */ = {isa = PBXBuildFile; fileRef = 3AE56AED19D11A5F000CF0CB /* ProgressTableViewCell.xib */; };
		8F035F5A8ED64F7AA14291A1 /* libPods.a in Frameworks */ = {isa = PBXBuildFile; fileRef = 6ABFF0F7B11F41F299A2DD4A /* libPods.a */; };
/* End PBXBuildFile section */

/* Begin PBXContainerItemProxy section */
		3A84359B19CAA80A00C62881 /* PBXContainerItemProxy */ = {
			isa = PBXContainerItemProxy;
			containerPortal = 3A84357D19CAA80A00C62881 /* Project object */;
			proxyType = 1;
			remoteGlobalIDString = 3A84358419CAA80A00C62881;
			remoteInfo = Yelp;
		};
/* End PBXContainerItemProxy section */

/* Begin PBXFileReference section */
		29200B2310EC4E47989A17E3 /* Pods.xcconfig */ = {isa = PBXFileReference; includeInIndex = 1; lastKnownFileType = text.xcconfig; name = Pods.xcconfig; path = Pods/Pods.xcconfig; sourceTree = "<group>"; };
		3A0139C919CAA93C0022499F /* YelpClient.h */ = {isa = PBXFileReference; fileEncoding = 4; lastKnownFileType = sourcecode.c.h; path = YelpClient.h; sourceTree = "<group>"; };
		3A0139CA19CAA9720022499F /* Yelp-Bridging-Header.h */ = {isa = PBXFileReference; lastKnownFileType = sourcecode.c.h; path = "Yelp-Bridging-Header.h"; sourceTree = "<group>"; };
		3A0139CB19CAA9720022499F /* YelpClient.m */ = {isa = PBXFileReference; fileEncoding = 4; lastKnownFileType = sourcecode.c.objc; path = YelpClient.m; sourceTree = "<group>"; };
		3A26E04019CEA0DD00322722 /* FilterViewController.swift */ = {isa = PBXFileReference; fileEncoding = 4; lastKnownFileType = sourcecode.swift; path = FilterViewController.swift; sourceTree = "<group>"; };
		3A26E04119CEA0DD00322722 /* FilterViewController.xib */ = {isa = PBXFileReference; fileEncoding = 4; lastKnownFileType = file.xib; path = FilterViewController.xib; sourceTree = "<group>"; };
		3A26E04419CEA9B000322722 /* FilterSettings.swift */ = {isa = PBXFileReference; fileEncoding = 4; lastKnownFileType = sourcecode.swift; path = FilterSettings.swift; sourceTree = "<group>"; };
		3A26E04619CEAEB600322722 /* SwitchTableViewCell.swift */ = {isa = PBXFileReference; fileEncoding = 4; lastKnownFileType = sourcecode.swift; path = SwitchTableViewCell.swift; sourceTree = "<group>"; };
		3A26E04719CEAEB600322722 /* SwitchTableViewCell.xib */ = {isa = PBXFileReference; fileEncoding = 4; lastKnownFileType = file.xib; path = SwitchTableViewCell.xib; sourceTree = "<group>"; };
		3A26E06219CF87A200322722 /* CheckboxTableViewCell.xib */ = {isa = PBXFileReference; fileEncoding = 4; lastKnownFileType = file.xib; path = CheckboxTableViewCell.xib; sourceTree = "<group>"; };
		3A26E06319CF87A200322722 /* CheckboxTableViewCell.swift */ = {isa = PBXFileReference; fileEncoding = 4; lastKnownFileType = sourcecode.swift; path = CheckboxTableViewCell.swift; sourceTree = "<group>"; };
		3A84358519CAA80A00C62881 /* Yelp.app */ = {isa = PBXFileReference; explicitFileType = wrapper.application; includeInIndex = 0; path = Yelp.app; sourceTree = BUILT_PRODUCTS_DIR; };
		3A84358919CAA80A00C62881 /* Info.plist */ = {isa = PBXFileReference; lastKnownFileType = text.plist.xml; path = Info.plist; sourceTree = "<group>"; };
		3A84358A19CAA80A00C62881 /* AppDelegate.swift */ = {isa = PBXFileReference; lastKnownFileType = sourcecode.swift; path = AppDelegate.swift; sourceTree = "<group>"; };
		3A84358F19CAA80A00C62881 /* Base */ = {isa = PBXFileReference; lastKnownFileType = file.storyboard; name = Base; path = Base.lproj/Main.storyboard; sourceTree = "<group>"; };
		3A84359119CAA80A00C62881 /* Images.xcassets */ = {isa = PBXFileReference; lastKnownFileType = folder.assetcatalog; path = Images.xcassets; sourceTree = "<group>"; };
		3A84359419CAA80A00C62881 /* Base */ = {isa = PBXFileReference; lastKnownFileType = file.xib; name = Base; path = Base.lproj/LaunchScreen.xib; sourceTree = "<group>"; };
		3A84359A19CAA80A00C62881 /* YelpTests.xctest */ = {isa = PBXFileReference; explicitFileType = wrapper.cfbundle; includeInIndex = 0; path = YelpTests.xctest; sourceTree = BUILT_PRODUCTS_DIR; };
		3A84359F19CAA80A00C62881 /* Info.plist */ = {isa = PBXFileReference; lastKnownFileType = text.plist.xml; path = Info.plist; sourceTree = "<group>"; };
		3A8435A019CAA80A00C62881 /* YelpTests.swift */ = {isa = PBXFileReference; lastKnownFileType = sourcecode.swift; path = YelpTests.swift; sourceTree = "<group>"; };
		3AE56AD619CFD1E2000CF0CB /* BusinessesTableViewController.swift */ = {isa = PBXFileReference; fileEncoding = 4; lastKnownFileType = sourcecode.swift; path = BusinessesTableViewController.swift; sourceTree = "<group>"; };
		3AE56AD919CFD1E2000CF0CB /* BusinessLocation.swift */ = {isa = PBXFileReference; fileEncoding = 4; lastKnownFileType = sourcecode.swift; path = BusinessLocation.swift; sourceTree = "<group>"; };
		3AE56ADA19CFD1E2000CF0CB /* Business.swift */ = {isa = PBXFileReference; fileEncoding = 4; lastKnownFileType = sourcecode.swift; path = Business.swift; sourceTree = "<group>"; };
		3AE56AE019CFD239000CF0CB /* BusinessTableViewCell.xib */ = {isa = PBXFileReference; fileEncoding = 4; lastKnownFileType = file.xib; path = BusinessTableViewCell.xib; sourceTree = "<group>"; };
		3AE56AE119CFD239000CF0CB /* BusinessTableViewCell.swift */ = {isa = PBXFileReference; fileEncoding = 4; lastKnownFileType = sourcecode.swift; path = BusinessTableViewCell.swift; sourceTree = "<group>"; };
		3AE56AE819D01220000CF0CB /* YelpButton.swift */ = {isa = PBXFileReference; fileEncoding = 4; lastKnownFileType = sourcecode.swift; path = YelpButton.swift; sourceTree = "<group>"; };
		3AE56AEC19D11A5F000CF0CB /* ProgressTableViewCell.swift */ = {isa = PBXFileReference; fileEncoding = 4; lastKnownFileType = sourcecode.swift; path = ProgressTableViewCell.swift; sourceTree = "<group>"; };
		3AE56AED19D11A5F000CF0CB /* ProgressTableViewCell.xib */ = {isa = PBXFileReference; fileEncoding = 4; lastKnownFileType = file.xib; path = ProgressTableViewCell.xib; sourceTree = "<group>"; };
		6ABFF0F7B11F41F299A2DD4A /* libPods.a */ = {isa = PBXFileReference; explicitFileType = archive.ar; includeInIndex = 0; path = libPods.a; sourceTree = BUILT_PRODUCTS_DIR; };
/* End PBXFileReference section */

/* Begin PBXFrameworksBuildPhase section */
		3A84358219CAA80A00C62881 /* Frameworks */ = {
			isa = PBXFrameworksBuildPhase;
			buildActionMask = 2147483647;
			files = (
				8F035F5A8ED64F7AA14291A1 /* libPods.a in Frameworks */,
			);
			runOnlyForDeploymentPostprocessing = 0;
		};
		3A84359719CAA80A00C62881 /* Frameworks */ = {
			isa = PBXFrameworksBuildPhase;
			buildActionMask = 2147483647;
			files = (
			);
			runOnlyForDeploymentPostprocessing = 0;
		};
/* End PBXFrameworksBuildPhase section */

/* Begin PBXGroup section */
		3A0139C819CAA8EC0022499F /* API */ = {
			isa = PBXGroup;
			children = (
				3A0139C919CAA93C0022499F /* YelpClient.h */,
				3A0139CB19CAA9720022499F /* YelpClient.m */,
				3A0139CA19CAA9720022499F /* Yelp-Bridging-Header.h */,
			);
			name = API;
			sourceTree = "<group>";
		};
		3A0139CD19CAAE380022499F /* Model */ = {
			isa = PBXGroup;
			children = (
				3AE56ADA19CFD1E2000CF0CB /* Business.swift */,
				3AE56AD919CFD1E2000CF0CB /* BusinessLocation.swift */,
				3A26E04419CEA9B000322722 /* FilterSettings.swift */,
			);
			name = Model;
			sourceTree = "<group>";
		};
		3A0139D219CAB0540022499F /* Views */ = {
			isa = PBXGroup;
			children = (
				3A84358E19CAA80A00C62881 /* Main.storyboard */,
				3AE56AE019CFD239000CF0CB /* BusinessTableViewCell.xib */,
				3A26E04119CEA0DD00322722 /* FilterViewController.xib */,
				3A26E04719CEAEB600322722 /* SwitchTableViewCell.xib */,
				3A26E06219CF87A200322722 /* CheckboxTableViewCell.xib */,
				3AE56AE819D01220000CF0CB /* YelpButton.swift */,
				3AE56AED19D11A5F000CF0CB /* ProgressTableViewCell.xib */,
			);
			name = Views;
			sourceTree = "<group>";
		};
		3A84357C19CAA80A00C62881 = {
			isa = PBXGroup;
			children = (
				3A84358719CAA80A00C62881 /* Yelp */,
				3A84359D19CAA80A00C62881 /* YelpTests */,
				3A84358619CAA80A00C62881 /* Products */,
				29200B2310EC4E47989A17E3 /* Pods.xcconfig */,
				C738EE94A3704CD9A36EA847 /* Frameworks */,
			);
			sourceTree = "<group>";
		};
		3A84358619CAA80A00C62881 /* Products */ = {
			isa = PBXGroup;
			children = (
				3A84358519CAA80A00C62881 /* Yelp.app */,
				3A84359A19CAA80A00C62881 /* YelpTests.xctest */,
			);
			name = Products;
			sourceTree = "<group>";
		};
		3A84358719CAA80A00C62881 /* Yelp */ = {
			isa = PBXGroup;
			children = (
				3A0139C819CAA8EC0022499F /* API */,
				3A0139CD19CAAE380022499F /* Model */,
				3A0139D219CAB0540022499F /* Views */,
				3A84358A19CAA80A00C62881 /* AppDelegate.swift */,
				3AE56AD619CFD1E2000CF0CB /* BusinessesTableViewController.swift */,
				3AE56AE119CFD239000CF0CB /* BusinessTableViewCell.swift */,
				3A26E04019CEA0DD00322722 /* FilterViewController.swift */,
				3A26E04619CEAEB600322722 /* SwitchTableViewCell.swift */,
				3A26E06319CF87A200322722 /* CheckboxTableViewCell.swift */,
				3AE56AEC19D11A5F000CF0CB /* ProgressTableViewCell.swift */,
				3A84359119CAA80A00C62881 /* Images.xcassets */,
				3A84359319CAA80A00C62881 /* LaunchScreen.xib */,
				3A84358819CAA80A00C62881 /* Supporting Files */,
			);
			path = Yelp;
			sourceTree = "<group>";
		};
		3A84358819CAA80A00C62881 /* Supporting Files */ = {
			isa = PBXGroup;
			children = (
				3A84358919CAA80A00C62881 /* Info.plist */,
			);
			name = "Supporting Files";
			sourceTree = "<group>";
		};
		3A84359D19CAA80A00C62881 /* YelpTests */ = {
			isa = PBXGroup;
			children = (
				3A8435A019CAA80A00C62881 /* YelpTests.swift */,
				3A84359E19CAA80A00C62881 /* Supporting Files */,
			);
			path = YelpTests;
			sourceTree = "<group>";
		};
		3A84359E19CAA80A00C62881 /* Supporting Files */ = {
			isa = PBXGroup;
			children = (
				3A84359F19CAA80A00C62881 /* Info.plist */,
			);
			name = "Supporting Files";
			sourceTree = "<group>";
		};
		C738EE94A3704CD9A36EA847 /* Frameworks */ = {
			isa = PBXGroup;
			children = (
				6ABFF0F7B11F41F299A2DD4A /* libPods.a */,
			);
			name = Frameworks;
			sourceTree = "<group>";
		};
/* End PBXGroup section */

/* Begin PBXNativeTarget section */
		3A84358419CAA80A00C62881 /* Yelp */ = {
			isa = PBXNativeTarget;
			buildConfigurationList = 3A8435A419CAA80A00C62881 /* Build configuration list for PBXNativeTarget "Yelp" */;
			buildPhases = (
				C73E342CE463488E84110BBE /* Check Pods Manifest.lock */,
				3A84358119CAA80A00C62881 /* Sources */,
				3A84358219CAA80A00C62881 /* Frameworks */,
				3A84358319CAA80A00C62881 /* Resources */,
				9DE1978F174949F0B4AE154B /* Copy Pods Resources */,
			);
			buildRules = (
			);
			dependencies = (
			);
			name = Yelp;
			productName = Yelp;
			productReference = 3A84358519CAA80A00C62881 /* Yelp.app */;
			productType = "com.apple.product-type.application";
		};
		3A84359919CAA80A00C62881 /* YelpTests */ = {
			isa = PBXNativeTarget;
			buildConfigurationList = 3A8435A719CAA80A00C62881 /* Build configuration list for PBXNativeTarget "YelpTests" */;
			buildPhases = (
				3A84359619CAA80A00C62881 /* Sources */,
				3A84359719CAA80A00C62881 /* Frameworks */,
				3A84359819CAA80A00C62881 /* Resources */,
			);
			buildRules = (
			);
			dependencies = (
				3A84359C19CAA80A00C62881 /* PBXTargetDependency */,
			);
			name = YelpTests;
			productName = YelpTests;
			productReference = 3A84359A19CAA80A00C62881 /* YelpTests.xctest */;
			productType = "com.apple.product-type.bundle.unit-test";
		};
/* End PBXNativeTarget section */

/* Begin PBXProject section */
		3A84357D19CAA80A00C62881 /* Project object */ = {
			isa = PBXProject;
			attributes = {
				LastUpgradeCheck = 0600;
				ORGANIZATIONNAME = "Yili Aiwazian";
				TargetAttributes = {
					3A84358419CAA80A00C62881 = {
						CreatedOnToolsVersion = 6.0;
					};
					3A84359919CAA80A00C62881 = {
						CreatedOnToolsVersion = 6.0;
						TestTargetID = 3A84358419CAA80A00C62881;
					};
				};
			};
			buildConfigurationList = 3A84358019CAA80A00C62881 /* Build configuration list for PBXProject "Yelp" */;
			compatibilityVersion = "Xcode 3.2";
			developmentRegion = English;
			hasScannedForEncodings = 0;
			knownRegions = (
				en,
				Base,
			);
			mainGroup = 3A84357C19CAA80A00C62881;
			productRefGroup = 3A84358619CAA80A00C62881 /* Products */;
			projectDirPath = "";
			projectRoot = "";
			targets = (
				3A84358419CAA80A00C62881 /* Yelp */,
				3A84359919CAA80A00C62881 /* YelpTests */,
			);
		};
/* End PBXProject section */

/* Begin PBXResourcesBuildPhase section */
		3A84358319CAA80A00C62881 /* Resources */ = {
			isa = PBXResourcesBuildPhase;
			buildActionMask = 2147483647;
			files = (
				3AE56AE219CFD239000CF0CB /* BusinessTableViewCell.xib in Resources */,
				3A26E04319CEA0DD00322722 /* FilterViewController.xib in Resources */,
				3AE56AEF19D11A5F000CF0CB /* ProgressTableViewCell.xib in Resources */,
				3A26E06419CF87A200322722 /* CheckboxTableViewCell.xib in Resources */,
				3A84359019CAA80A00C62881 /* Main.storyboard in Resources */,
				3A26E04919CEAEB600322722 /* SwitchTableViewCell.xib in Resources */,
				3A84359519CAA80A00C62881 /* LaunchScreen.xib in Resources */,
				3A84359219CAA80A00C62881 /* Images.xcassets in Resources */,
			);
			runOnlyForDeploymentPostprocessing = 0;
		};
		3A84359819CAA80A00C62881 /* Resources */ = {
			isa = PBXResourcesBuildPhase;
			buildActionMask = 2147483647;
			files = (
			);
			runOnlyForDeploymentPostprocessing = 0;
		};
/* End PBXResourcesBuildPhase section */

/* Begin PBXShellScriptBuildPhase section */
		9DE1978F174949F0B4AE154B /* Copy Pods Resources */ = {
			isa = PBXShellScriptBuildPhase;
			buildActionMask = 2147483647;
			files = (
			);
			inputPaths = (
			);
			name = "Copy Pods Resources";
			outputPaths = (
			);
			runOnlyForDeploymentPostprocessing = 0;
			shellPath = /bin/sh;
			shellScript = "\"${SRCROOT}/Pods/Pods-resources.sh\"\n";
			showEnvVarsInLog = 0;
		};
		C73E342CE463488E84110BBE /* Check Pods Manifest.lock */ = {
			isa = PBXShellScriptBuildPhase;
			buildActionMask = 2147483647;
			files = (
			);
			inputPaths = (
			);
			name = "Check Pods Manifest.lock";
			outputPaths = (
			);
			runOnlyForDeploymentPostprocessing = 0;
			shellPath = /bin/sh;
			shellScript = "diff \"${PODS_ROOT}/../Podfile.lock\" \"${PODS_ROOT}/Manifest.lock\" > /dev/null\nif [[ $? != 0 ]] ; then\n    cat << EOM\nerror: The sandbox is not in sync with the Podfile.lock. Run 'pod install' or update your CocoaPods installation.\nEOM\n    exit 1\nfi\n";
			showEnvVarsInLog = 0;
		};
/* End PBXShellScriptBuildPhase section */

/* Begin PBXSourcesBuildPhase section */
		3A84358119CAA80A00C62881 /* Sources */ = {
			isa = PBXSourcesBuildPhase;
			buildActionMask = 2147483647;
			files = (
				3A26E04219CEA0DD00322722 /* FilterViewController.swift in Sources */,
				3AE56ADF19CFD1E2000CF0CB /* Business.swift in Sources */,
				3AE56AEE19D11A5F000CF0CB /* ProgressTableViewCell.swift in Sources */,
				3AE56ADE19CFD1E2000CF0CB /* BusinessLocation.swift in Sources */,
				3A84358B19CAA80A00C62881 /* AppDelegate.swift in Sources */,
				3AE56ADB19CFD1E2000CF0CB /* BusinessesTableViewController.swift in Sources */,
				3AE56AE319CFD239000CF0CB /* BusinessTableViewCell.swift in Sources */,
				3AE56AE919D01220000CF0CB /* YelpButton.swift in Sources */,
				3A26E04819CEAEB600322722 /* SwitchTableViewCell.swift in Sources */,
				3A26E06519CF87A200322722 /* CheckboxTableViewCell.swift in Sources */,
				3A26E04519CEA9B000322722 /* FilterSettings.swift in Sources */,
				3A0139CC19CAA9720022499F /* YelpClient.m in Sources */,
			);
			runOnlyForDeploymentPostprocessing = 0;
		};
		3A84359619CAA80A00C62881 /* Sources */ = {
			isa = PBXSourcesBuildPhase;
			buildActionMask = 2147483647;
			files = (
				3A8435A119CAA80A00C62881 /* YelpTests.swift in Sources */,
			);
			runOnlyForDeploymentPostprocessing = 0;
		};
/* End PBXSourcesBuildPhase section */

/* Begin PBXTargetDependency section */
		3A84359C19CAA80A00C62881 /* PBXTargetDependency */ = {
			isa = PBXTargetDependency;
			target = 3A84358419CAA80A00C62881 /* Yelp */;
			targetProxy = 3A84359B19CAA80A00C62881 /* PBXContainerItemProxy */;
		};
/* End PBXTargetDependency section */

/* Begin PBXVariantGroup section */
		3A84358E19CAA80A00C62881 /* Main.storyboard */ = {
			isa = PBXVariantGroup;
			children = (
				3A84358F19CAA80A00C62881 /* Base */,
			);
			name = Main.storyboard;
			sourceTree = "<group>";
		};
		3A84359319CAA80A00C62881 /* LaunchScreen.xib */ = {
			isa = PBXVariantGroup;
			children = (
				3A84359419CAA80A00C62881 /* Base */,
			);
			name = LaunchScreen.xib;
			sourceTree = "<group>";
		};
/* End PBXVariantGroup section */

/* Begin XCBuildConfiguration section */
		3A8435A219CAA80A00C62881 /* Debug */ = {
			isa = XCBuildConfiguration;
			buildSettings = {
				ALWAYS_SEARCH_USER_PATHS = NO;
				CLANG_CXX_LANGUAGE_STANDARD = "gnu++0x";
				CLANG_CXX_LIBRARY = "libc++";
				CLANG_ENABLE_MODULES = YES;
				CLANG_ENABLE_OBJC_ARC = YES;
				CLANG_WARN_BOOL_CONVERSION = YES;
				CLANG_WARN_CONSTANT_CONVERSION = YES;
				CLANG_WARN_DIRECT_OBJC_ISA_USAGE = YES_ERROR;
				CLANG_WARN_EMPTY_BODY = YES;
				CLANG_WARN_ENUM_CONVERSION = YES;
				CLANG_WARN_INT_CONVERSION = YES;
				CLANG_WARN_OBJC_ROOT_CLASS = YES_ERROR;
				CLANG_WARN_UNREACHABLE_CODE = YES;
				CLANG_WARN__DUPLICATE_METHOD_MATCH = YES;
				"CODE_SIGN_IDENTITY[sdk=iphoneos*]" = "iPhone Developer";
				COPY_PHASE_STRIP = NO;
				ENABLE_STRICT_OBJC_MSGSEND = YES;
				GCC_C_LANGUAGE_STANDARD = gnu99;
				GCC_DYNAMIC_NO_PIC = NO;
				GCC_OPTIMIZATION_LEVEL = 0;
				GCC_PREPROCESSOR_DEFINITIONS = (
					"DEBUG=1",
					"$(inherited)",
				);
				GCC_SYMBOLS_PRIVATE_EXTERN = NO;
				GCC_WARN_64_TO_32_BIT_CONVERSION = YES;
				GCC_WARN_ABOUT_RETURN_TYPE = YES_ERROR;
				GCC_WARN_UNDECLARED_SELECTOR = YES;
				GCC_WARN_UNINITIALIZED_AUTOS = YES_AGGRESSIVE;
				GCC_WARN_UNUSED_FUNCTION = YES;
				GCC_WARN_UNUSED_VARIABLE = YES;
				IPHONEOS_DEPLOYMENT_TARGET = 8.0;
				MTL_ENABLE_DEBUG_INFO = YES;
				ONLY_ACTIVE_ARCH = YES;
				SDKROOT = iphoneos;
				SWIFT_OPTIMIZATION_LEVEL = "-Onone";
			};
			name = Debug;
		};
		3A8435A319CAA80A00C62881 /* Release */ = {
			isa = XCBuildConfiguration;
			buildSettings = {
				ALWAYS_SEARCH_USER_PATHS = NO;
				CLANG_CXX_LANGUAGE_STANDARD = "gnu++0x";
				CLANG_CXX_LIBRARY = "libc++";
				CLANG_ENABLE_MODULES = YES;
				CLANG_ENABLE_OBJC_ARC = YES;
				CLANG_WARN_BOOL_CONVERSION = YES;
				CLANG_WARN_CONSTANT_CONVERSION = YES;
				CLANG_WARN_DIRECT_OBJC_ISA_USAGE = YES_ERROR;
				CLANG_WARN_EMPTY_BODY = YES;
				CLANG_WARN_ENUM_CONVERSION = YES;
				CLANG_WARN_INT_CONVERSION = YES;
				CLANG_WARN_OBJC_ROOT_CLASS = YES_ERROR;
				CLANG_WARN_UNREACHABLE_CODE = YES;
				CLANG_WARN__DUPLICATE_METHOD_MATCH = YES;
				"CODE_SIGN_IDENTITY[sdk=iphoneos*]" = "iPhone Developer";
				COPY_PHASE_STRIP = YES;
				ENABLE_NS_ASSERTIONS = NO;
				ENABLE_STRICT_OBJC_MSGSEND = YES;
				GCC_C_LANGUAGE_STANDARD = gnu99;
				GCC_WARN_64_TO_32_BIT_CONVERSION = YES;
				GCC_WARN_ABOUT_RETURN_TYPE = YES_ERROR;
				GCC_WARN_UNDECLARED_SELECTOR = YES;
				GCC_WARN_UNINITIALIZED_AUTOS = YES_AGGRESSIVE;
				GCC_WARN_UNUSED_FUNCTION = YES;
				GCC_WARN_UNUSED_VARIABLE = YES;
				IPHONEOS_DEPLOYMENT_TARGET = 8.0;
				MTL_ENABLE_DEBUG_INFO = NO;
				SDKROOT = iphoneos;
				VALIDATE_PRODUCT = YES;
			};
			name = Release;
		};
		3A8435A519CAA80A00C62881 /* Debug */ = {
			isa = XCBuildConfiguration;
			baseConfigurationReference = 29200B2310EC4E47989A17E3 /* Pods.xcconfig */;
			buildSettings = {
				ASSETCATALOG_COMPILER_APPICON_NAME = AppIcon;
				CLANG_ENABLE_MODULES = YES;
				INFOPLIST_FILE = Yelp/Info.plist;
				LD_RUNPATH_SEARCH_PATHS = "$(inherited) @executable_path/Frameworks";
				PRODUCT_NAME = "$(TARGET_NAME)";
				SWIFT_OBJC_BRIDGING_HEADER = "Yelp/Yelp-Bridging-Header.h";
				SWIFT_OPTIMIZATION_LEVEL = "-Onone";
			};
			name = Debug;
		};
		3A8435A619CAA80A00C62881 /* Release */ = {
			isa = XCBuildConfiguration;
			baseConfigurationReference = 29200B2310EC4E47989A17E3 /* Pods.xcconfig */;
			buildSettings = {
				ASSETCATALOG_COMPILER_APPICON_NAME = AppIcon;
				CLANG_ENABLE_MODULES = YES;
				INFOPLIST_FILE = Yelp/Info.plist;
				LD_RUNPATH_SEARCH_PATHS = "$(inherited) @executable_path/Frameworks";
				PRODUCT_NAME = "$(TARGET_NAME)";
				SWIFT_OBJC_BRIDGING_HEADER = "Yelp/Yelp-Bridging-Header.h";
			};
			name = Release;
		};
		3A8435A819CAA80A00C62881 /* Debug */ = {
			isa = XCBuildConfiguration;
			buildSettings = {
				BUNDLE_LOADER = "$(TEST_HOST)";
				FRAMEWORK_SEARCH_PATHS = (
					"$(SDKROOT)/Developer/Library/Frameworks",
					"$(inherited)",
				);
				GCC_PREPROCESSOR_DEFINITIONS = (
					"DEBUG=1",
					"$(inherited)",
				);
				INFOPLIST_FILE = YelpTests/Info.plist;
				LD_RUNPATH_SEARCH_PATHS = "$(inherited) @executable_path/Frameworks @loader_path/Frameworks";
				PRODUCT_NAME = "$(TARGET_NAME)";
				TEST_HOST = "$(BUILT_PRODUCTS_DIR)/Yelp.app/Yelp";
			};
			name = Debug;
		};
		3A8435A919CAA80A00C62881 /* Release */ = {
			isa = XCBuildConfiguration;
			buildSettings = {
				BUNDLE_LOADER = "$(TEST_HOST)";
				FRAMEWORK_SEARCH_PATHS = (
					"$(SDKROOT)/Developer/Library/Frameworks",
					"$(inherited)",
				);
				INFOPLIST_FILE = YelpTests/Info.plist;
				LD_RUNPATH_SEARCH_PATHS = "$(inherited) @executable_path/Frameworks @loader_path/Frameworks";
				PRODUCT_NAME = "$(TARGET_NAME)";
				TEST_HOST = "$(BUILT_PRODUCTS_DIR)/Yelp.app/Yelp";
			};
			name = Release;
		};
/* End XCBuildConfiguration section */

/* Begin XCConfigurationList section */
		3A84358019CAA80A00C62881 /* Build configuration list for PBXProject "Yelp" */ = {
			isa = XCConfigurationList;
			buildConfigurations = (
				3A8435A219CAA80A00C62881 /* Debug */,
				3A8435A319CAA80A00C62881 /* Release */,
			);
			defaultConfigurationIsVisible = 0;
			defaultConfigurationName = Release;
		};
		3A8435A419CAA80A00C62881 /* Build configuration list for PBXNativeTarget "Yelp" */ = {
			isa = XCConfigurationList;
			buildConfigurations = (
				3A8435A519CAA80A00C62881 /* Debug */,
				3A8435A619CAA80A00C62881 /* Release */,
			);
			defaultConfigurationIsVisible = 0;
			defaultConfigurationName = Release;
		};
		3A8435A719CAA80A00C62881 /* Build configuration list for PBXNativeTarget "YelpTests" */ = {
			isa = XCConfigurationList;
			buildConfigurations = (
				3A8435A819CAA80A00C62881 /* Debug */,
				3A8435A919CAA80A00C62881 /* Release */,
			);
			defaultConfigurationIsVisible = 0;
			defaultConfigurationName = Release;
		};
/* End XCConfigurationList section */
	};
	rootObject = 3A84357D19CAA80A00C62881 /* Project object */;
}
